{
    "_meta": {
        "hash": {
            "sha256": "3fee395af9bcdf11e25056dedd758701393c5fd8246572f0c755ab44efaed8f3"
        },
        "pipfile-spec": 6,
        "requires": {
            "python_version": "3.9"
        },
        "sources": [
            {
                "name": "pypi",
                "url": "https://pypi.org/simple",
                "verify_ssl": true
            }
        ]
    },
    "default": {
        "altgraph": {
            "hashes": [
                "sha256:ad33358114df7c9416cdb8fa1eaa5852166c505118717021c6a8c7c7abbd03dd",
                "sha256:c8ac1ca6772207179ed8003ce7687757c04b0b71536f81e2ac5755c6226458fe"
            ],
            "version": "==0.17.3"
        },
        "anyio": {
            "hashes": [
                "sha256:25ea0d673ae30af41a0c442f81cf3b38c7e79fdc7b60335a4c14e05eb0947421",
                "sha256:fbbe32bd270d2a2ef3ed1c5d45041250284e31fc0a4df4a5a6071842051a51e3"
            ],
            "markers": "python_full_version >= '3.6.2'",
            "version": "==3.6.2"
        },
        "certifi": {
            "hashes": [
                "sha256:35824b4c3a97115964b408844d64aa14db1cc518f6562e8d7261699d1350a9e3",
                "sha256:4ad3232f5e926d6718ec31cfc1fcadfde020920e278684144551c91769c7bc18"
            ],
            "markers": "python_version >= '3.6'",
            "version": "==2022.12.7"
        },
        "flet": {
            "hashes": [
                "sha256:0f135d3cc670a5dc1122f04da9295ae3721025dbba3529f010eebdf1f1ee66a0",
                "sha256:16a3350fb737ff9be9cf25d9a4a36a008d077a94cfd61456f68d3697ca2ea087",
                "sha256:7195cdbc3ce6cdf39fb7fd4ef105a9ccc7d6150c5927672024eaeaab9704a376",
                "sha256:720d5bf28670fe9d8bb3d690b89c18cec7914f94f0233bca4ba401a89260173b",
                "sha256:7b863c9fb6a6a3cb30584910679d9dd5a14ccdb22d5b9c7a30b97af8c5d539c1",
                "sha256:7e632d373f62f2e521ec533dd611442c32216af6387d845c19e5a03787b19370",
                "sha256:ac336d590da4cd46c254ba4af6cdc35ee01aec872b82b1448242498960831e0b",
                "sha256:be231306ab04a80c2c915412a5579fa99223dd6f822fd87323c6f4145b90e167",
                "sha256:c075928d16f42d1dd0837a1c356a70cdea424e8668094703b6996cd6697a2ca3",
                "sha256:e2f92e45fe79ac2ad0694024204357f675538b9b44c9fbd6d540d7ca696e7644"
            ],
            "index": "pypi",
            "version": "==0.4.2"
        },
        "flet-core": {
            "hashes": [
                "sha256:6b2d38eaf0bba45b58b293421c68cd03f9f540171f9ec81ff1027ac66d149d76",
                "sha256:6f6e4c00ba8de8d169826a15ad8da171cd30b3cd518f7f49c6de929d00be1cb2"
            ],
            "markers": "python_version >= '3.7' and python_version < '4.0'",
            "version": "==0.4.2"
        },
        "greenlet": {
            "hashes": [
                "sha256:03a8f4f3430c3b3ff8d10a2a86028c660355ab637cee9333d63d66b56f09d52a",
                "sha256:0bf60faf0bc2468089bdc5edd10555bab6e85152191df713e2ab1fcc86382b5a",
                "sha256:18a7f18b82b52ee85322d7a7874e676f34ab319b9f8cce5de06067384aa8ff43",
                "sha256:18e98fb3de7dba1c0a852731c3070cf022d14f0d68b4c87a19cc1016f3bb8b33",
                "sha256:1a819eef4b0e0b96bb0d98d797bef17dc1b4a10e8d7446be32d1da33e095dbb8",
                "sha256:26fbfce90728d82bc9e6c38ea4d038cba20b7faf8a0ca53a9c07b67318d46088",
                "sha256:2780572ec463d44c1d3ae850239508dbeb9fed38e294c68d19a24d925d9223ca",
                "sha256:283737e0da3f08bd637b5ad058507e578dd462db259f7f6e4c5c365ba4ee9343",
                "sha256:2d4686f195e32d36b4d7cf2d166857dbd0ee9f3d20ae349b6bf8afc8485b3645",
                "sha256:2dd11f291565a81d71dab10b7033395b7a3a5456e637cf997a6f33ebdf06f8db",
                "sha256:30bcf80dda7f15ac77ba5af2b961bdd9dbc77fd4ac6105cee85b0d0a5fcf74df",
                "sha256:32e5b64b148966d9cccc2c8d35a671409e45f195864560829f395a54226408d3",
                "sha256:36abbf031e1c0f79dd5d596bfaf8e921c41df2bdf54ee1eed921ce1f52999a86",
                "sha256:3a06ad5312349fec0ab944664b01d26f8d1f05009566339ac6f63f56589bc1a2",
                "sha256:3a51c9751078733d88e013587b108f1b7a1fb106d402fb390740f002b6f6551a",
                "sha256:3c9b12575734155d0c09d6c3e10dbd81665d5c18e1a7c6597df72fd05990c8cf",
                "sha256:3f6ea9bd35eb450837a3d80e77b517ea5bc56b4647f5502cd28de13675ee12f7",
                "sha256:4b58adb399c4d61d912c4c331984d60eb66565175cdf4a34792cd9600f21b394",
                "sha256:4d2e11331fc0c02b6e84b0d28ece3a36e0548ee1a1ce9ddde03752d9b79bba40",
                "sha256:5454276c07d27a740c5892f4907c86327b632127dd9abec42ee62e12427ff7e3",
                "sha256:561091a7be172ab497a3527602d467e2b3fbe75f9e783d8b8ce403fa414f71a6",
                "sha256:6c3acb79b0bfd4fe733dff8bc62695283b57949ebcca05ae5c129eb606ff2d74",
                "sha256:703f18f3fda276b9a916f0934d2fb6d989bf0b4fb5a64825260eb9bfd52d78f0",
                "sha256:7492e2b7bd7c9b9916388d9df23fa49d9b88ac0640db0a5b4ecc2b653bf451e3",
                "sha256:76ae285c8104046b3a7f06b42f29c7b73f77683df18c49ab5af7983994c2dd91",
                "sha256:7cafd1208fdbe93b67c7086876f061f660cfddc44f404279c1585bbf3cdc64c5",
                "sha256:7efde645ca1cc441d6dc4b48c0f7101e8d86b54c8530141b09fd31cef5149ec9",
                "sha256:88d9ab96491d38a5ab7c56dd7a3cc37d83336ecc564e4e8816dbed12e5aaefc8",
                "sha256:8eab883b3b2a38cc1e050819ef06a7e6344d4a990d24d45bc6f2cf959045a45b",
                "sha256:910841381caba4f744a44bf81bfd573c94e10b3045ee00de0cbf436fe50673a6",
                "sha256:9190f09060ea4debddd24665d6804b995a9c122ef5917ab26e1566dcc712ceeb",
                "sha256:937e9020b514ceedb9c830c55d5c9872abc90f4b5862f89c0887033ae33c6f73",
                "sha256:94c817e84245513926588caf1152e3b559ff794d505555211ca041f032abbb6b",
                "sha256:971ce5e14dc5e73715755d0ca2975ac88cfdaefcaab078a284fea6cfabf866df",
                "sha256:9d14b83fab60d5e8abe587d51c75b252bcc21683f24699ada8fb275d7712f5a9",
                "sha256:9f35ec95538f50292f6d8f2c9c9f8a3c6540bbfec21c9e5b4b751e0a7c20864f",
                "sha256:a1846f1b999e78e13837c93c778dcfc3365902cfb8d1bdb7dd73ead37059f0d0",
                "sha256:acd2162a36d3de67ee896c43effcd5ee3de247eb00354db411feb025aa319857",
                "sha256:b0ef99cdbe2b682b9ccbb964743a6aca37905fda5e0452e5ee239b1654d37f2a",
                "sha256:b80f600eddddce72320dbbc8e3784d16bd3fb7b517e82476d8da921f27d4b249",
                "sha256:b864ba53912b6c3ab6bcb2beb19f19edd01a6bfcbdfe1f37ddd1778abfe75a30",
                "sha256:b9ec052b06a0524f0e35bd8790686a1da006bd911dd1ef7d50b77bfbad74e292",
                "sha256:ba2956617f1c42598a308a84c6cf021a90ff3862eddafd20c3333d50f0edb45b",
                "sha256:bdfea8c661e80d3c1c99ad7c3ff74e6e87184895bbaca6ee8cc61209f8b9b85d",
                "sha256:be4ed120b52ae4d974aa40215fcdfde9194d63541c7ded40ee12eb4dda57b76b",
                "sha256:c4302695ad8027363e96311df24ee28978162cdcdd2006476c43970b384a244c",
                "sha256:c48f54ef8e05f04d6eff74b8233f6063cb1ed960243eacc474ee73a2ea8573ca",
                "sha256:c9c59a2120b55788e800d82dfa99b9e156ff8f2227f07c5e3012a45a399620b7",
                "sha256:cd021c754b162c0fb55ad5d6b9d960db667faad0fa2ff25bb6e1301b0b6e6a75",
                "sha256:d27ec7509b9c18b6d73f2f5ede2622441de812e7b1a80bbd446cb0633bd3d5ae",
                "sha256:d5508f0b173e6aa47273bdc0a0b5ba055b59662ba7c7ee5119528f466585526b",
                "sha256:d75209eed723105f9596807495d58d10b3470fa6732dd6756595e89925ce2470",
                "sha256:db1a39669102a1d8d12b57de2bb7e2ec9066a6f2b3da35ae511ff93b01b5d564",
                "sha256:dbfcfc0218093a19c252ca8eb9aee3d29cfdcb586df21049b9d777fd32c14fd9",
                "sha256:e0f72c9ddb8cd28532185f54cc1453f2c16fb417a08b53a855c4e6a418edd099",
                "sha256:e7c8dc13af7db097bed64a051d2dd49e9f0af495c26995c00a9ee842690d34c0",
                "sha256:ea9872c80c132f4663822dd2a08d404073a5a9b5ba6155bea72fb2a79d1093b5",
                "sha256:eff4eb9b7eb3e4d0cae3d28c283dc16d9bed6b193c2e1ace3ed86ce48ea8df19",
                "sha256:f82d4d717d8ef19188687aa32b8363e96062911e63ba22a0cff7802a8e58e5f1",
                "sha256:fc3a569657468b6f3fb60587e48356fe512c1754ca05a564f11366ac9e306526"
            ],
            "markers": "platform_machine == 'aarch64' or (platform_machine == 'ppc64le' or (platform_machine == 'x86_64' or (platform_machine == 'amd64' or (platform_machine == 'AMD64' or (platform_machine == 'win32' or platform_machine == 'WIN32')))))",
            "version": "==2.0.2"
        },
        "h11": {
            "hashes": [
                "sha256:8f19fbbe99e72420ff35c00b27a34cb9937e902a8b810e2c88300c6f0a3b699d",
                "sha256:e3fe4ac4b851c468cc8363d500db52c2ead036020723024a109d37346efaa761"
            ],
            "markers": "python_version >= '3.7'",
            "version": "==0.14.0"
        },
        "httpcore": {
            "hashes": [
                "sha256:c5d6f04e2fc530f39e0c077e6a30caa53f1451096120f1f38b954afd0b17c0cb",
                "sha256:da1fb708784a938aa084bde4feb8317056c55037247c787bd7e19eb2c2949dc0"
            ],
            "markers": "python_version >= '3.7'",
            "version": "==0.16.3"
        },
        "httpx": {
            "hashes": [
                "sha256:9818458eb565bb54898ccb9b8b251a28785dd4a55afbc23d0eb410754fe7d0f9",
                "sha256:a211fcce9b1254ea24f0cd6af9869b3d29aba40154e947d2a07bb499b3e310d6"
            ],
            "markers": "python_version >= '3.7'",
            "version": "==0.23.3"
        },
        "idna": {
            "hashes": [
                "sha256:814f528e8dead7d329833b91c5faa87d60bf71824cd12a7530b5526063d02cb4",
                "sha256:90b77e79eaa3eba6de819a0c442c0b4ceefc341a7a2ab77d7562bf49f425c5c2"
            ],
            "version": "==3.4"
        },
        "oauthlib": {
            "hashes": [
                "sha256:8139f29aac13e25d502680e9e19963e83f16838d48a0d71c287fe40e7067fbca",
                "sha256:9859c40929662bec5d64f34d01c99e093149682a3f38915dc0655d5a633dd918"
            ],
            "markers": "python_version >= '3.6'",
            "version": "==3.2.2"
        },
        "packaging": {
            "hashes": [
                "sha256:714ac14496c3e68c99c29b00845f7a2b85f3bb6f1078fd9f72fd20f0570002b2",
                "sha256:b6ad297f8907de0fa2fe1ccbd26fdaf387f5f47c7275fedf8cce89f99446cf97"
            ],
            "markers": "python_version >= '3.7'",
            "version": "==23.0"
        },
        "pefile": {
            "hashes": [
                "sha256:82e6114004b3d6911c77c3953e3838654b04511b8b66e8583db70c65998017dc",
                "sha256:da185cd2af68c08a6cd4481f7325ed600a88f6a813bad9dea07ab3ef73d8d8d6"
            ],
            "markers": "sys_platform == 'win32'",
            "version": "==2023.2.7"
        },
        "pyinstaller": {
            "hashes": [
                "sha256:314fb883caf3cbf06adbea2b77671bb73c3481568e994af0467ea7e47eb64755",
                "sha256:3b74f50a57b1413047042e47033480b7324b091f23dff790a4494af32b377d94",
                "sha256:4f4d818588e2d8de4bf24ed018056c3de0c95898ad25719e12d68626161b4933",
                "sha256:502a2166165a8e8c3d99c19272e923d2548bac2132424d78910ef9dd8bb11705",
                "sha256:5c9632a20faecd6d79f0124afb31e6557414d19be271e572765b474f860f8d76",
                "sha256:8d004699c5d71c704c14a5f81eec233faa4f87a3bf0ae68e222b87d63f5dd17e",
                "sha256:a62ee598b137202ef2e99d8dbaee6bc7379a6565c3ddf0331decb41b98eff1a2",
                "sha256:bacf236b5c2f8f674723a39daca399646dceb470881f842f52e393b9a67ff2f8",
                "sha256:bf1f7b7e88b467d7aefcdb2bc9cbd2e856ca88c5ab232c0efe0848f146d3bd5f",
                "sha256:ded780f0d3642d7bfc21d97b98d4ec4b41d2fe70c3f5c5d243868612f536e011",
                "sha256:e68bcadf32edc1171ccb06117699a6a4f8e924b7c2c8812cfa00fd0186ade4ee",
                "sha256:f9361eff44c7108c2312f39d85ed768c4ada7e0aa729046bbcef3ef3c1577d18"
            ],
            "index": "pypi",
            "version": "==5.8.0"
        },
        "pyinstaller-hooks-contrib": {
            "hashes": [
                "sha256:29d052eb73e0ab8f137f11df8e73d464c1c6d4c3044d9dc8df2af44639d8bfbf",
                "sha256:bd578781cd6a33ef713584bf3726f7cd60a3e656ec08a6cc7971e39990808cc0"
            ],
            "markers": "python_version >= '3.7'",
            "version": "==2023.0"
        },
        "pywin32-ctypes": {
            "hashes": [
                "sha256:24ffc3b341d457d48e8922352130cf2644024a4ff09762a2261fd34c36ee5942",
                "sha256:9dc2d991b3479cc2df15930958b674a48a227d5361d413827a4cfd0b5876fc98"
            ],
            "markers": "sys_platform == 'win32'",
            "version": "==0.2.0"
        },
        "repath": {
            "hashes": [
                "sha256:8292139bac6a0e43fd9d70605d4e8daeb25d46672e484ed31a24c7ce0aef0fb7",
                "sha256:ee079d6c91faeb843274d22d8f786094ee01316ecfe293a1eb6546312bb6a318"
            ],
            "version": "==0.9.0"
        },
        "rfc3986": {
            "extras": [
                "idna2008"
            ],
            "hashes": [
                "sha256:270aaf10d87d0d4e095063c65bf3ddbc6ee3d0b226328ce21e036f946e421835",
                "sha256:a86d6e1f5b1dc238b218b012df0aa79409667bb209e58da56d0b94704e712a97"
            ],
            "version": "==1.5.0"
        },
        "setuptools": {
            "hashes": [
                "sha256:e5fd0a713141a4a105412233c63dc4e17ba0090c8e8334594ac790ec97792330",
                "sha256:f106dee1b506dee5102cc3f3e9e68137bbad6d47b616be7991714b0c62204251"
            ],
            "markers": "python_version >= '3.7'",
            "version": "==67.4.0"
        },
        "six": {
            "hashes": [
                "sha256:1e61c37477a1626458e36f7b1d82aa5c9b094fa4802892072e49de9c60c4c926",
                "sha256:8abb2f1d86890a2dfb989f9a77cfcfd3e47c2a354b01111771326f8aa26e0254"
            ],
            "markers": "python_version >= '2.7' and python_version not in '3.0, 3.1, 3.2, 3.3'",
            "version": "==1.16.0"
        },
        "sniffio": {
            "hashes": [
                "sha256:e60305c5e5d314f5389259b7f22aaa33d8f7dee49763119234af3755c55b9101",
                "sha256:eecefdce1e5bbfb7ad2eeaabf7c1eeb404d7757c379bd1f7e5cce9d8bf425384"
            ],
            "markers": "python_version >= '3.7'",
            "version": "==1.3.0"
        },
        "sqlalchemy": {
            "hashes": [
                "sha256:011ef3c33f30bae5637c575f30647e0add98686642d237f0c3a1e3d9b35747fa",
                "sha256:0adca8a3ca77234a142c5afed29322fb501921f13d1d5e9fa4253450d786c160",
                "sha256:1644c603558590f465b3fa16e4557d87d3962bc2c81fd7ea85b582ecf4676b31",
                "sha256:2267c004e78e291bba0dc766a9711c389649cf3e662cd46eec2bc2c238c637bd",
                "sha256:25e4e54575f9d2af1eab82d3a470fca27062191c48ee57b6386fe09a3c0a6a33",
                "sha256:2a2f9120eb32190bdba31d1022181ef08f257aed4f984f3368aa4e838de72bc0",
                "sha256:2c82395e2925639e6d320592943608070678e7157bd1db2672a63be9c7889434",
                "sha256:3f927340b37fe65ec42e19af7ce15260a73e11c6b456febb59009bfdfec29a35",
                "sha256:54aa9f40d88728dd058e951eeb5ecc55241831ba4011e60c641738c1da0146b7",
                "sha256:57dcd9eed52413f7270b22797aa83c71b698db153d1541c1e83d45ecdf8e95e7",
                "sha256:582053571125895d008d4b8d9687d12d4bd209c076cdbab3504da307e2a0a2bd",
                "sha256:59cf0cdb29baec4e074c7520d7226646a8a8f856b87d8300f3e4494901d55235",
                "sha256:6363697c938b9a13e07f1bc2cd433502a7aa07efd55b946b31d25b9449890621",
                "sha256:662a79e80f3e9fe33b7861c19fedf3d8389fab2413c04bba787e3f1139c22188",
                "sha256:67901b91bf5821482fcbe9da988cb16897809624ddf0fde339cd62365cc50032",
                "sha256:679b9bd10bb32b8d3befed4aad4356799b6ec1bdddc0f930a79e41ba5b084124",
                "sha256:738c80705e11c1268827dbe22c01162a9cdc98fc6f7901b429a1459db2593060",
                "sha256:77a380bf8721b416782c763e0ff66f80f3b05aee83db33ddfc0eac20bcb6791f",
                "sha256:77d05773d5c79f2d3371d81697d54ee1b2c32085ad434ce9de4482e457ecb018",
                "sha256:817aab80f7e8fe581696dae7aaeb2ceb0b7ea70ad03c95483c9115970d2a9b00",
                "sha256:81f1ea264278fcbe113b9a5840f13a356cb0186e55b52168334124f1cd1bc495",
                "sha256:8a88b32ce5b69d18507ffc9f10401833934ebc353c7b30d1e056023c64f0a736",
                "sha256:8ff0a7c669ec7cdb899eae7e622211c2dd8725b82655db2b41740d39e3cda466",
                "sha256:918c2b553e3c78268b187f70983c9bc6f91e451a4f934827e9c919e03d258bd7",
                "sha256:954f1ad73b78ea5ba5a35c89c4a5dfd0f3a06c17926503de19510eb9b3857bde",
                "sha256:95a18e1a6af2114dbd9ee4f168ad33070d6317e11bafa28d983cc7b585fe900b",
                "sha256:9946ee503962859f1a9e1ad17dff0859269b0cb453686747fe87f00b0e030b34",
                "sha256:9a7ecaf90fe9ec8e45c86828f4f183564b33c9514e08667ca59e526fea63893a",
                "sha256:a42e6831e82dfa6d16b45f0c98c69e7b0defc64d76213173456355034450c414",
                "sha256:b01dce097cf6f145da131a53d4cce7f42e0bfa9ae161dd171a423f7970d296d0",
                "sha256:b5deafb4901618b3f98e8df7099cd11edd0d1e6856912647e28968b803de0dae",
                "sha256:b67d6e626caa571fb53accaac2fba003ef4f7317cb3481e9ab99dad6e89a70d6",
                "sha256:c1e8edc49b32483cd5d2d015f343e16be7dfab89f4aaf66b0fa6827ab356880d",
                "sha256:c621f05859caed5c0aab032888a3d3bde2cae3988ca151113cbecf262adad976",
                "sha256:ce54965a94673a0ebda25e7c3a05bf1aa74fd78cc452a1a710b704bf73fb8402",
                "sha256:d8efdda920988bcade542f53a2890751ff680474d548f32df919a35a21404e3f",
                "sha256:dc7b9f55c2f72c13b2328b8a870ff585c993ba1b5c155ece5c9d3216fa4b18f6",
                "sha256:dd801375f19a6e1f021dabd8b1714f2fdb91cbc835cd13b5dd0bd7e9860392d7",
                "sha256:f342057422d6bcfdd4996e34cd5c7f78f7e500112f64b113f334cdfc6a0c593d",
                "sha256:f696828784ab2c07b127bfd2f2d513f47ec58924c29cff5b19806ac37acee31c",
                "sha256:fdb2686eb01f670cdc6c43f092e333ff08c1cf0b646da5256c1237dc4ceef4ae"
            ],
            "index": "pypi",
            "version": "==2.0.4"
        },
        "typing-extensions": {
            "hashes": [
                "sha256:5cb5f4a79139d699607b3ef622a1dedafa84e115ab0024e0d9c044a9479ca7cb",
                "sha256:fb33085c39dd998ac16d1431ebc293a8b3eedd00fd4a32de0ff79002c19511b4"
            ],
            "markers": "python_version >= '3.7'",
            "version": "==4.5.0"
        },
        "watchdog": {
            "hashes": [
                "sha256:00f93782c67042d9525ec51628330b5faf5fb84bcb7ebaac05ea8528cfb20bba",
                "sha256:0f7d759299ce21a3d2a77e18d430c24811369c3432453701790acc6ff45a7101",
                "sha256:139262f678b4e6a7013261c772059bca358441de04fb0e0087489a34db9e3db0",
                "sha256:15bf5b165d7a6b48265411dad74fb0d33053f8270eb6575faad0e016035cf9f7",
                "sha256:1d9c656495172873bf1ddc7e39e80055fcdd21c4608cf68f23a28116dcba0b43",
                "sha256:242e57253e84a736e6777ba756c48cf6a68d3d90cb9e01bd6bfd371a949ace3a",
                "sha256:3fa1572f5a2f6d17d4d860edbc04488fef31b007c25c2f3b11203fb8179b7c67",
                "sha256:3fa74b0ef4825f9112932675a002296cb2d3d3e400d7a44c32fafd1ecc83ada0",
                "sha256:43d76d7888b26850b908208bb82383a193e8b0f25d0abaa84452f191b4acdea4",
                "sha256:45c13e7e6eea1013da419bf9aa9a8f5df7bbf3e5edce40bc6df84130febf39d5",
                "sha256:473164a2de473f708ca194a992466eeefff73b58273bbb88e089c5a5a98fcda1",
                "sha256:4e648df44a4c6ea6da4d9eb6722745c986b9d70268f25ae60f140082d7c8908e",
                "sha256:5ddbbe87f9ed726940d174076da030cd01ec45433ef2b1b2e6094c84f2af17f1",
                "sha256:6d79b5954db8f41d6a7f5763042b988f7a4afd40b7d141456061fa7c5b7f2159",
                "sha256:7767a3da3307d9cf597832f692702441a97c259e5d0d560f2e57c43ad0d191d2",
                "sha256:8863913ea2c3f256d18c33d84546518636e391cd8f50d209b9a31221e0f7d3fd",
                "sha256:8a214955769d2ef0f7aaa82f31863e3bdf6b083ce1b5f1c2e85cab0f66fba024",
                "sha256:982f5416a2817003172994d865285dd6a2b3836f033cd3fa87d1a62096a162cc",
                "sha256:9d39effe6909be898ba3e7286a9e9b17a6a9f734fb1ef9dde3e9bb68715fca39",
                "sha256:9e651b4874477c1bf239417d43818bbfd047aaf641b029fa60d6f5109ede0db0",
                "sha256:a3559ee82a10976de1ec544b6ebe3b4aa398d491860a283d80ec0f550076d068",
                "sha256:a4b9bece40d46bf6fb8621817ea7d903eae2b9b3ebac55a51ed50354a79061a8",
                "sha256:a623de186477e9e05f8461087f856412eae5cd005cc4bcb232ed5c6f9a8709f5",
                "sha256:aa4773160b9cb21ba369cb42d59a947087330b3a02480173033a6a6cc137a510",
                "sha256:c1b3962e5463a848ba2a342cb66c80251dca27a102933b8f38d231d2a9e5a543",
                "sha256:d04662017efd00a014cff9068708e085d67f2fac43f48bbbb95a7f97490487f3",
                "sha256:ebe756f788cb130fdc5c150ea8a4fda39cb4ee3a5873a345607c8b84fecf018b",
                "sha256:f1a655f4a49f9232311b9967f42cc2eaf43fd4903f3bed850dd4570fda5d5eff"
            ],
            "markers": "python_version >= '3.6'",
            "version": "==2.3.0"
        },
        "websocket-client": {
            "hashes": [
                "sha256:3f09e6d8230892547132177f575a4e3e73cfdf06526e20cc02aa1c3b47184d40",
                "sha256:cdf5877568b7e83aa7cf2244ab56a3213de587bbe0ce9d8b9600fc77b455d89e"
            ],
            "markers": "python_version >= '3.7'",
            "version": "==1.5.1"
        },
        "websockets": {
            "hashes": [
                "sha256:00213676a2e46b6ebf6045bc11d0f529d9120baa6f58d122b4021ad92adabd41",
                "sha256:00c870522cdb69cd625b93f002961ffb0c095394f06ba8c48f17eef7c1541f96",
                "sha256:0154f7691e4fe6c2b2bc275b5701e8b158dae92a1ab229e2b940efe11905dff4",
                "sha256:05a7233089f8bd355e8cbe127c2e8ca0b4ea55467861906b80d2ebc7db4d6b72",
                "sha256:09a1814bb15eff7069e51fed0826df0bc0702652b5cb8f87697d469d79c23576",
                "sha256:0cff816f51fb33c26d6e2b16b5c7d48eaa31dae5488ace6aae468b361f422b63",
                "sha256:185929b4808b36a79c65b7865783b87b6841e852ef5407a2fb0c03381092fa3b",
                "sha256:2fc8709c00704194213d45e455adc106ff9e87658297f72d544220e32029cd3d",
                "sha256:33d69ca7612f0ddff3316b0c7b33ca180d464ecac2d115805c044bf0a3b0d032",
                "sha256:389f8dbb5c489e305fb113ca1b6bdcdaa130923f77485db5b189de343a179393",
                "sha256:38ea7b82bfcae927eeffc55d2ffa31665dc7fec7b8dc654506b8e5a518eb4d50",
                "sha256:3d3cac3e32b2c8414f4f87c1b2ab686fa6284a980ba283617404377cd448f631",
                "sha256:40e826de3085721dabc7cf9bfd41682dadc02286d8cf149b3ad05bff89311e4f",
                "sha256:4239b6027e3d66a89446908ff3027d2737afc1a375f8fd3eea630a4842ec9a0c",
                "sha256:45ec8e75b7dbc9539cbfafa570742fe4f676eb8b0d3694b67dabe2f2ceed8aa6",
                "sha256:47a2964021f2110116cc1125b3e6d87ab5ad16dea161949e7244ec583b905bb4",
                "sha256:48c08473563323f9c9debac781ecf66f94ad5a3680a38fe84dee5388cf5acaf6",
                "sha256:4c6d2264f485f0b53adf22697ac11e261ce84805c232ed5dbe6b1bcb84b00ff0",
                "sha256:4f72e5cd0f18f262f5da20efa9e241699e0cf3a766317a17392550c9ad7b37d8",
                "sha256:56029457f219ade1f2fc12a6504ea61e14ee227a815531f9738e41203a429112",
                "sha256:5c1289596042fad2cdceb05e1ebf7aadf9995c928e0da2b7a4e99494953b1b94",
                "sha256:62e627f6b6d4aed919a2052efc408da7a545c606268d5ab5bfab4432734b82b4",
                "sha256:74de2b894b47f1d21cbd0b37a5e2b2392ad95d17ae983e64727e18eb281fe7cb",
                "sha256:7c584f366f46ba667cfa66020344886cf47088e79c9b9d39c84ce9ea98aaa331",
                "sha256:7d27a7e34c313b3a7f91adcd05134315002aaf8540d7b4f90336beafaea6217c",
                "sha256:7d3f0b61c45c3fa9a349cf484962c559a8a1d80dae6977276df8fd1fa5e3cb8c",
                "sha256:82ff5e1cae4e855147fd57a2863376ed7454134c2bf49ec604dfe71e446e2193",
                "sha256:84bc2a7d075f32f6ed98652db3a680a17a4edb21ca7f80fe42e38753a58ee02b",
                "sha256:884be66c76a444c59f801ac13f40c76f176f1bfa815ef5b8ed44321e74f1600b",
                "sha256:8a5cc00546e0a701da4639aa0bbcb0ae2bb678c87f46da01ac2d789e1f2d2038",
                "sha256:8dc96f64ae43dde92530775e9cb169979f414dcf5cff670455d81a6823b42089",
                "sha256:8f38706e0b15d3c20ef6259fd4bc1700cd133b06c3c1bb108ffe3f8947be15fa",
                "sha256:90fcf8929836d4a0e964d799a58823547df5a5e9afa83081761630553be731f9",
                "sha256:931c039af54fc195fe6ad536fde4b0de04da9d5916e78e55405436348cfb0e56",
                "sha256:932af322458da7e4e35df32f050389e13d3d96b09d274b22a7aa1808f292fee4",
                "sha256:942de28af58f352a6f588bc72490ae0f4ccd6dfc2bd3de5945b882a078e4e179",
                "sha256:9bc42e8402dc5e9905fb8b9649f57efcb2056693b7e88faa8fb029256ba9c68c",
                "sha256:a7a240d7a74bf8d5cb3bfe6be7f21697a28ec4b1a437607bae08ac7acf5b4882",
                "sha256:a9f9a735deaf9a0cadc2d8c50d1a5bcdbae8b6e539c6e08237bc4082d7c13f28",
                "sha256:ae5e95cfb53ab1da62185e23b3130e11d64431179debac6dc3c6acf08760e9b1",
                "sha256:b029fb2032ae4724d8ae8d4f6b363f2cc39e4c7b12454df8df7f0f563ed3e61a",
                "sha256:b0d15c968ea7a65211e084f523151dbf8ae44634de03c801b8bd070b74e85033",
                "sha256:b343f521b047493dc4022dd338fc6db9d9282658862756b4f6fd0e996c1380e1",
                "sha256:b627c266f295de9dea86bd1112ed3d5fafb69a348af30a2422e16590a8ecba13",
                "sha256:b9968694c5f467bf67ef97ae7ad4d56d14be2751000c1207d31bf3bb8860bae8",
                "sha256:ba089c499e1f4155d2a3c2a05d2878a3428cf321c848f2b5a45ce55f0d7d310c",
                "sha256:bbccd847aa0c3a69b5f691a84d2341a4f8a629c6922558f2a70611305f902d74",
                "sha256:bc0b82d728fe21a0d03e65f81980abbbcb13b5387f733a1a870672c5be26edab",
                "sha256:c57e4c1349fbe0e446c9fa7b19ed2f8a4417233b6984277cce392819123142d3",
                "sha256:c94ae4faf2d09f7c81847c63843f84fe47bf6253c9d60b20f25edfd30fb12588",
                "sha256:c9b27d6c1c6cd53dc93614967e9ce00ae7f864a2d9f99fe5ed86706e1ecbf485",
                "sha256:d210abe51b5da0ffdbf7b43eed0cfdff8a55a1ab17abbec4301c9ff077dd0342",
                "sha256:d58804e996d7d2307173d56c297cf7bc132c52df27a3efaac5e8d43e36c21c48",
                "sha256:d6a4162139374a49eb18ef5b2f4da1dd95c994588f5033d64e0bbfda4b6b6fcf",
                "sha256:da39dd03d130162deb63da51f6e66ed73032ae62e74aaccc4236e30edccddbb0",
                "sha256:db3c336f9eda2532ec0fd8ea49fef7a8df8f6c804cdf4f39e5c5c0d4a4ad9a7a",
                "sha256:dd500e0a5e11969cdd3320935ca2ff1e936f2358f9c2e61f100a1660933320ea",
                "sha256:dd9becd5fe29773d140d68d607d66a38f60e31b86df75332703757ee645b6faf",
                "sha256:e0cb5cc6ece6ffa75baccfd5c02cffe776f3f5c8bf486811f9d3ea3453676ce8",
                "sha256:e23173580d740bf8822fd0379e4bf30aa1d5a92a4f252d34e893070c081050df",
                "sha256:e3a686ecb4aa0d64ae60c9c9f1a7d5d46cab9bfb5d91a2d303d00e2cd4c4c5cc",
                "sha256:e789376b52c295c4946403bd0efecf27ab98f05319df4583d3c48e43c7342c2f",
                "sha256:edc344de4dac1d89300a053ac973299e82d3db56330f3494905643bb68801269",
                "sha256:eef610b23933c54d5d921c92578ae5f89813438fded840c2e9809d378dc765d3",
                "sha256:f2c38d588887a609191d30e902df2a32711f708abfd85d318ca9b367258cfd0c",
                "sha256:f55b5905705725af31ccef50e55391621532cd64fbf0bc6f4bac935f0fccec46",
                "sha256:f5fc088b7a32f244c519a048c170f14cf2251b849ef0e20cbbb0fdf0fdaf556f",
                "sha256:fe10ddc59b304cb19a1bdf5bd0a7719cbbc9fbdd57ac80ed436b709fcf889106",
                "sha256:ff64a1d38d156d429404aaa84b27305e957fd10c30e5880d1765c9480bea490f"
            ],
            "markers": "python_version >= '3.7'",
            "version": "==10.4"
        }
    },
    "develop": {
        "autopep8": {
            "hashes": [
                "sha256:be5bc98c33515b67475420b7b1feafc8d32c1a69862498eda4983b45bffd2687",
                "sha256:d27a8929d8dcd21c0f4b3859d2d07c6c25273727b98afc984c039df0f0d86566"
            ],
            "index": "pypi",
            "version": "==2.0.1"
        },
        "pycodestyle": {
            "hashes": [
                "sha256:347187bdb476329d98f695c213d7295a846d1152ff4fe9bacb8a9590b8ee7053",
                "sha256:8a4eaf0d0495c7395bdab3589ac2db602797d76207242c17d470186815706610"
            ],
            "markers": "python_version >= '3.6'",
            "version": "==2.10.0"
        },
        "tomli": {
            "hashes": [
                "sha256:939de3e7a6161af0c887ef91b7d41a53e7c5a1ca976325f429cb46ea9bc30ecc",
                "sha256:de526c12914f0c550d15924c62d72abc48d6fe7364aa87328337a31007fe8a4f"
            ],
            "markers": "python_version < '3.11'",
            "version": "==2.0.1"
        }
    }
}
